
Microsoft Visual Studio Solution File, Format Version 12.00
# Visual Studio Version 17
VisualStudioVersion = 17.14.36811.4 d17.14
MinimumVisualStudioVersion = 10.0.40219.1
Project("{FAE04EC0-301F-11D3-BF4B-00C04F79EFBC}") = "Process Injection", "Process Injection\Process Injection.csproj", "{0923974C-C8BC-4393-9CE6-DD705EFF622D}"
EndProject
Global
	GlobalSection(SolutionConfigurationPlatforms) = preSolution
		Debug|Any CPU = Debug|Any CPU
		Debug|x64 = Debug|x64
		Release|Any CPU = Release|Any CPU
		Release|x64 = Release|x64
	EndGlobalSection
	GlobalSection(ProjectConfigurationPlatforms) = postSolution
		{0923974C-C8BC-4393-9CE6-DD705EFF622D}.Debug|Any CPU.ActiveCfg = Debug|Any CPU
		{0923974C-C8BC-4393-9CE6-DD705EFF622D}.Debug|Any CPU.Build.0 = Debug|Any CPU
		{0923974C-C8BC-4393-9CE6-DD705EFF622D}.Debug|x64.ActiveCfg = Debug|x64
		{0923974C-C8BC-4393-9CE6-DD705EFF622D}.Debug|x64.Build.0 = Debug|x64
		{0923974C-C8BC-4393-9CE6-DD705EFF622D}.Release|Any CPU.ActiveCfg = Release|Any CPU
		{0923974C-C8BC-4393-9CE6-DD705EFF622D}.Release|Any CPU.Build.0 = Release|Any CPU
		{0923974C-C8BC-4393-9CE6-DD705EFF622D}.Release|x64.ActiveCfg = Release|x64
		{0923974C-C8BC-4393-9CE6-DD705EFF622D}.Release|x64.Build.0 = Release|x64
	EndGlobalSection
	GlobalSection(SolutionProperties) = preSolution
		HideSolutionNode = FALSE
	EndGlobalSection
	GlobalSection(ExtensibilityGlobals) = postSolution
		SolutionGuid = {B4F86810-53F4-4FE9-92C7-A46DDF40AF47}
	EndGlobalSection
EndGlobal
